
Microsoft Visual Studio Solution File, Format Version 12.00
# Visual Studio 15
VisualStudioVersion = 15.0.27428.2015
MinimumVisualStudioVersion = 10.0.40219.1
Project("{FAE04EC0-301F-11D3-BF4B-00C04F79EFBC}") = "Colaconfrases", "Colaconfrases\Colaconfrases.csproj", "{32F0559B-3D8A-42C5-A89E-2464B838EF9F}"
EndProject
Global
	GlobalSection(SolutionConfigurationPlatforms) = preSolution
		Debug|Any CPU = Debug|Any CPU
		Release|Any CPU = Release|Any CPU
	EndGlobalSection
	GlobalSection(ProjectConfigurationPlatforms) = postSolution
		{32F0559B-3D8A-42C5-A89E-2464B838EF9F}.Debug|Any CPU.ActiveCfg = Debug|Any CPU
		{32F0559B-3D8A-42C5-A89E-2464B838EF9F}.Debug|Any CPU.Build.0 = Debug|Any CPU
		{32F0559B-3D8A-42C5-A89E-2464B838EF9F}.Release|Any CPU.ActiveCfg = Release|Any CPU
		{32F0559B-3D8A-42C5-A89E-2464B838EF9F}.Release|Any CPU.Build.0 = Release|Any CPU
	EndGlobalSection
	GlobalSection(SolutionProperties) = preSolution
		HideSolutionNode = FALSE
	EndGlobalSection
	GlobalSection(ExtensibilityGlobals) = postSolution
		SolutionGuid = {07ADA631-0975-47AF-A2B4-69C8F4B4B91B}
	EndGlobalSection
EndGlobal
